
Microsoft Visual Studio Solution File, Format Version 12.00
# Visual Studio Version 16
VisualStudioVersion = 16.0.30204.135
MinimumVisualStudioVersion = 10.0.40219.1
Project("{FAE04EC0-301F-11D3-BF4B-00C04F79EFBC}") = "gooesy", "gooesy\gooesy.csproj", "{5F37C433-20F6-4D5C-B093-AF1B74F99AF9}"
EndProject
Project("{FAE04EC0-301F-11D3-BF4B-00C04F79EFBC}") = "gy-partner", "..\gy-partner\gy-partner.csproj", "{2790D3B4-DBF1-48E1-B771-9A6490067F31}"
EndProject
Global
	GlobalSection(SolutionConfigurationPlatforms) = preSolution
		Debug|Any CPU = Debug|Any CPU
		Release|Any CPU = Release|Any CPU
	EndGlobalSection
	GlobalSection(ProjectConfigurationPlatforms) = postSolution
		{5F37C433-20F6-4D5C-B093-AF1B74F99AF9}.Debug|Any CPU.ActiveCfg = Debug|Any CPU
		{5F37C433-20F6-4D5C-B093-AF1B74F99AF9}.Debug|Any CPU.Build.0 = Debug|Any CPU
		{5F37C433-20F6-4D5C-B093-AF1B74F99AF9}.Debug|Any CPU.Deploy.0 = Debug|Any CPU
		{5F37C433-20F6-4D5C-B093-AF1B74F99AF9}.Release|Any CPU.ActiveCfg = Release|Any CPU
		{5F37C433-20F6-4D5C-B093-AF1B74F99AF9}.Release|Any CPU.Build.0 = Release|Any CPU
		{5F37C433-20F6-4D5C-B093-AF1B74F99AF9}.Release|Any CPU.Deploy.0 = Release|Any CPU
		{2790D3B4-DBF1-48E1-B771-9A6490067F31}.Debug|Any CPU.ActiveCfg = Debug|Any CPU
		{2790D3B4-DBF1-48E1-B771-9A6490067F31}.Debug|Any CPU.Build.0 = Debug|Any CPU
		{2790D3B4-DBF1-48E1-B771-9A6490067F31}.Debug|Any CPU.Deploy.0 = Debug|Any CPU
		{2790D3B4-DBF1-48E1-B771-9A6490067F31}.Release|Any CPU.ActiveCfg = Release|Any CPU
		{2790D3B4-DBF1-48E1-B771-9A6490067F31}.Release|Any CPU.Build.0 = Release|Any CPU
		{2790D3B4-DBF1-48E1-B771-9A6490067F31}.Release|Any CPU.Deploy.0 = Release|Any CPU
	EndGlobalSection
	GlobalSection(SolutionProperties) = preSolution
		HideSolutionNode = FALSE
	EndGlobalSection
	GlobalSection(ExtensibilityGlobals) = postSolution
		SolutionGuid = {498787B6-84CB-4180-AA0A-5C8CA3E71C40}
	EndGlobalSection
EndGlobal
