
Microsoft Visual Studio Solution File, Format Version 12.00
# Visual Studio Version 16
VisualStudioVersion = 16.0.30204.135
MinimumVisualStudioVersion = 10.0.40219.1
Project("{FAE04EC0-301F-11D3-BF4B-00C04F79EFBC}") = "gooesy", "gooesy\gooesy.csproj", "{5F37C433-20F6-4D5C-B093-AF1B74F99AF9}"
EndProject
Project("{FAE04EC0-301F-11D3-BF4B-00C04F79EFBC}") = "GooesyFranchise", "GooesyFranchise\GooesyFranchise.csproj", "{A3F90358-18BC-44B9-8C7D-C5CCE0A70466}"
EndProject
Project("{FAE04EC0-301F-11D3-BF4B-00C04F79EFBC}") = "GooesyPartner", "GooesyPartner\GooesyPartner.csproj", "{307F2C6D-3FFD-4E0A-8752-3625D38FAC54}"
EndProject
Project("{FAE04EC0-301F-11D3-BF4B-00C04F79EFBC}") = "NetApp", "NetApp\NetApp.csproj", "{009B34B3-677E-4377-B9A7-B449160C3F6D}"
EndProject
Project("{FAE04EC0-301F-11D3-BF4B-00C04F79EFBC}") = "NetAdmin", "NetAdmin\NetAdmin.csproj", "{7B8B62C7-FCE5-43B7-B52B-12ED0BF2C4AB}"
EndProject
Project("{FAE04EC0-301F-11D3-BF4B-00C04F79EFBC}") = "SevanSports", "SevanSports\SevanSports.csproj", "{5C9DA380-8A5A-49D3-9263-2199B1AD1798}"
EndProject
Project("{FAE04EC0-301F-11D3-BF4B-00C04F79EFBC}") = "Cartiffy", "Cartiffy\Cartiffy.csproj", "{9B0F2F02-AAB8-4CFA-8C9C-8C1023200ABE}"
EndProject
Global
	GlobalSection(SolutionConfigurationPlatforms) = preSolution
		Debug|Any CPU = Debug|Any CPU
		Debug|iPhone = Debug|iPhone
		Debug|iPhoneSimulator = Debug|iPhoneSimulator
		Release|Any CPU = Release|Any CPU
		Release|iPhone = Release|iPhone
		Release|iPhoneSimulator = Release|iPhoneSimulator
	EndGlobalSection
	GlobalSection(ProjectConfigurationPlatforms) = postSolution
		{5F37C433-20F6-4D5C-B093-AF1B74F99AF9}.Debug|Any CPU.ActiveCfg = Debug|Any CPU
		{5F37C433-20F6-4D5C-B093-AF1B74F99AF9}.Debug|Any CPU.Build.0 = Debug|Any CPU
		{5F37C433-20F6-4D5C-B093-AF1B74F99AF9}.Debug|Any CPU.Deploy.0 = Debug|Any CPU
		{5F37C433-20F6-4D5C-B093-AF1B74F99AF9}.Debug|iPhone.ActiveCfg = Debug|Any CPU
		{5F37C433-20F6-4D5C-B093-AF1B74F99AF9}.Debug|iPhone.Build.0 = Debug|Any CPU
		{5F37C433-20F6-4D5C-B093-AF1B74F99AF9}.Debug|iPhone.Deploy.0 = Debug|Any CPU
		{5F37C433-20F6-4D5C-B093-AF1B74F99AF9}.Debug|iPhoneSimulator.ActiveCfg = Debug|Any CPU
		{5F37C433-20F6-4D5C-B093-AF1B74F99AF9}.Debug|iPhoneSimulator.Build.0 = Debug|Any CPU
		{5F37C433-20F6-4D5C-B093-AF1B74F99AF9}.Debug|iPhoneSimulator.Deploy.0 = Debug|Any CPU
		{5F37C433-20F6-4D5C-B093-AF1B74F99AF9}.Release|Any CPU.ActiveCfg = Release|Any CPU
		{5F37C433-20F6-4D5C-B093-AF1B74F99AF9}.Release|Any CPU.Build.0 = Release|Any CPU
		{5F37C433-20F6-4D5C-B093-AF1B74F99AF9}.Release|Any CPU.Deploy.0 = Release|Any CPU
		{5F37C433-20F6-4D5C-B093-AF1B74F99AF9}.Release|iPhone.ActiveCfg = Release|Any CPU
		{5F37C433-20F6-4D5C-B093-AF1B74F99AF9}.Release|iPhone.Build.0 = Release|Any CPU
		{5F37C433-20F6-4D5C-B093-AF1B74F99AF9}.Release|iPhone.Deploy.0 = Release|Any CPU
		{5F37C433-20F6-4D5C-B093-AF1B74F99AF9}.Release|iPhoneSimulator.ActiveCfg = Release|Any CPU
		{5F37C433-20F6-4D5C-B093-AF1B74F99AF9}.Release|iPhoneSimulator.Build.0 = Release|Any CPU
		{5F37C433-20F6-4D5C-B093-AF1B74F99AF9}.Release|iPhoneSimulator.Deploy.0 = Release|Any CPU
		{A3F90358-18BC-44B9-8C7D-C5CCE0A70466}.Debug|Any CPU.ActiveCfg = Debug|Any CPU
		{A3F90358-18BC-44B9-8C7D-C5CCE0A70466}.Debug|Any CPU.Build.0 = Debug|Any CPU
		{A3F90358-18BC-44B9-8C7D-C5CCE0A70466}.Debug|Any CPU.Deploy.0 = Debug|Any CPU
		{A3F90358-18BC-44B9-8C7D-C5CCE0A70466}.Debug|iPhone.ActiveCfg = Debug|Any CPU
		{A3F90358-18BC-44B9-8C7D-C5CCE0A70466}.Debug|iPhone.Build.0 = Debug|Any CPU
		{A3F90358-18BC-44B9-8C7D-C5CCE0A70466}.Debug|iPhone.Deploy.0 = Debug|Any CPU
		{A3F90358-18BC-44B9-8C7D-C5CCE0A70466}.Debug|iPhoneSimulator.ActiveCfg = Debug|Any CPU
		{A3F90358-18BC-44B9-8C7D-C5CCE0A70466}.Debug|iPhoneSimulator.Build.0 = Debug|Any CPU
		{A3F90358-18BC-44B9-8C7D-C5CCE0A70466}.Debug|iPhoneSimulator.Deploy.0 = Debug|Any CPU
		{A3F90358-18BC-44B9-8C7D-C5CCE0A70466}.Release|Any CPU.ActiveCfg = Release|Any CPU
		{A3F90358-18BC-44B9-8C7D-C5CCE0A70466}.Release|Any CPU.Build.0 = Release|Any CPU
		{A3F90358-18BC-44B9-8C7D-C5CCE0A70466}.Release|Any CPU.Deploy.0 = Release|Any CPU
		{A3F90358-18BC-44B9-8C7D-C5CCE0A70466}.Release|iPhone.ActiveCfg = Release|Any CPU
		{A3F90358-18BC-44B9-8C7D-C5CCE0A70466}.Release|iPhone.Build.0 = Release|Any CPU
		{A3F90358-18BC-44B9-8C7D-C5CCE0A70466}.Release|iPhone.Deploy.0 = Release|Any CPU
		{A3F90358-18BC-44B9-8C7D-C5CCE0A70466}.Release|iPhoneSimulator.ActiveCfg = Release|Any CPU
		{A3F90358-18BC-44B9-8C7D-C5CCE0A70466}.Release|iPhoneSimulator.Build.0 = Release|Any CPU
		{A3F90358-18BC-44B9-8C7D-C5CCE0A70466}.Release|iPhoneSimulator.Deploy.0 = Release|Any CPU
		{307F2C6D-3FFD-4E0A-8752-3625D38FAC54}.Debug|Any CPU.ActiveCfg = Debug|Any CPU
		{307F2C6D-3FFD-4E0A-8752-3625D38FAC54}.Debug|Any CPU.Build.0 = Debug|Any CPU
		{307F2C6D-3FFD-4E0A-8752-3625D38FAC54}.Debug|Any CPU.Deploy.0 = Debug|Any CPU
		{307F2C6D-3FFD-4E0A-8752-3625D38FAC54}.Debug|iPhone.ActiveCfg = Debug|Any CPU
		{307F2C6D-3FFD-4E0A-8752-3625D38FAC54}.Debug|iPhone.Build.0 = Debug|Any CPU
		{307F2C6D-3FFD-4E0A-8752-3625D38FAC54}.Debug|iPhone.Deploy.0 = Debug|Any CPU
		{307F2C6D-3FFD-4E0A-8752-3625D38FAC54}.Debug|iPhoneSimulator.ActiveCfg = Debug|Any CPU
		{307F2C6D-3FFD-4E0A-8752-3625D38FAC54}.Debug|iPhoneSimulator.Build.0 = Debug|Any CPU
		{307F2C6D-3FFD-4E0A-8752-3625D38FAC54}.Debug|iPhoneSimulator.Deploy.0 = Debug|Any CPU
		{307F2C6D-3FFD-4E0A-8752-3625D38FAC54}.Release|Any CPU.ActiveCfg = Release|Any CPU
		{307F2C6D-3FFD-4E0A-8752-3625D38FAC54}.Release|Any CPU.Build.0 = Release|Any CPU
		{307F2C6D-3FFD-4E0A-8752-3625D38FAC54}.Release|Any CPU.Deploy.0 = Release|Any CPU
		{307F2C6D-3FFD-4E0A-8752-3625D38FAC54}.Release|iPhone.ActiveCfg = Release|Any CPU
		{307F2C6D-3FFD-4E0A-8752-3625D38FAC54}.Release|iPhone.Build.0 = Release|Any CPU
		{307F2C6D-3FFD-4E0A-8752-3625D38FAC54}.Release|iPhone.Deploy.0 = Release|Any CPU
		{307F2C6D-3FFD-4E0A-8752-3625D38FAC54}.Release|iPhoneSimulator.ActiveCfg = Release|Any CPU
		{307F2C6D-3FFD-4E0A-8752-3625D38FAC54}.Release|iPhoneSimulator.Build.0 = Release|Any CPU
		{307F2C6D-3FFD-4E0A-8752-3625D38FAC54}.Release|iPhoneSimulator.Deploy.0 = Release|Any CPU
		{009B34B3-677E-4377-B9A7-B449160C3F6D}.Debug|Any CPU.ActiveCfg = Debug|Any CPU
		{009B34B3-677E-4377-B9A7-B449160C3F6D}.Debug|Any CPU.Build.0 = Debug|Any CPU
		{009B34B3-677E-4377-B9A7-B449160C3F6D}.Debug|Any CPU.Deploy.0 = Debug|Any CPU
		{009B34B3-677E-4377-B9A7-B449160C3F6D}.Debug|iPhone.ActiveCfg = Debug|Any CPU
		{009B34B3-677E-4377-B9A7-B449160C3F6D}.Debug|iPhone.Build.0 = Debug|Any CPU
		{009B34B3-677E-4377-B9A7-B449160C3F6D}.Debug|iPhone.Deploy.0 = Debug|Any CPU
		{009B34B3-677E-4377-B9A7-B449160C3F6D}.Debug|iPhoneSimulator.ActiveCfg = Debug|Any CPU
		{009B34B3-677E-4377-B9A7-B449160C3F6D}.Debug|iPhoneSimulator.Build.0 = Debug|Any CPU
		{009B34B3-677E-4377-B9A7-B449160C3F6D}.Debug|iPhoneSimulator.Deploy.0 = Debug|Any CPU
		{009B34B3-677E-4377-B9A7-B449160C3F6D}.Release|Any CPU.ActiveCfg = Release|Any CPU
		{009B34B3-677E-4377-B9A7-B449160C3F6D}.Release|Any CPU.Build.0 = Release|Any CPU
		{009B34B3-677E-4377-B9A7-B449160C3F6D}.Release|Any CPU.Deploy.0 = Release|Any CPU
		{009B34B3-677E-4377-B9A7-B449160C3F6D}.Release|iPhone.ActiveCfg = Release|Any CPU
		{009B34B3-677E-4377-B9A7-B449160C3F6D}.Release|iPhone.Build.0 = Release|Any CPU
		{009B34B3-677E-4377-B9A7-B449160C3F6D}.Release|iPhone.Deploy.0 = Release|Any CPU
		{009B34B3-677E-4377-B9A7-B449160C3F6D}.Release|iPhoneSimulator.ActiveCfg = Release|Any CPU
		{009B34B3-677E-4377-B9A7-B449160C3F6D}.Release|iPhoneSimulator.Build.0 = Release|Any CPU
		{009B34B3-677E-4377-B9A7-B449160C3F6D}.Release|iPhoneSimulator.Deploy.0 = Release|Any CPU
		{7B8B62C7-FCE5-43B7-B52B-12ED0BF2C4AB}.Debug|Any CPU.ActiveCfg = Debug|Any CPU
		{7B8B62C7-FCE5-43B7-B52B-12ED0BF2C4AB}.Debug|Any CPU.Build.0 = Debug|Any CPU
		{7B8B62C7-FCE5-43B7-B52B-12ED0BF2C4AB}.Debug|Any CPU.Deploy.0 = Debug|Any CPU
		{7B8B62C7-FCE5-43B7-B52B-12ED0BF2C4AB}.Debug|iPhone.ActiveCfg = Debug|Any CPU
		{7B8B62C7-FCE5-43B7-B52B-12ED0BF2C4AB}.Debug|iPhone.Build.0 = Debug|Any CPU
		{7B8B62C7-FCE5-43B7-B52B-12ED0BF2C4AB}.Debug|iPhone.Deploy.0 = Debug|Any CPU
		{7B8B62C7-FCE5-43B7-B52B-12ED0BF2C4AB}.Debug|iPhoneSimulator.ActiveCfg = Debug|Any CPU
		{7B8B62C7-FCE5-43B7-B52B-12ED0BF2C4AB}.Debug|iPhoneSimulator.Build.0 = Debug|Any CPU
		{7B8B62C7-FCE5-43B7-B52B-12ED0BF2C4AB}.Debug|iPhoneSimulator.Deploy.0 = Debug|Any CPU
		{7B8B62C7-FCE5-43B7-B52B-12ED0BF2C4AB}.Release|Any CPU.ActiveCfg = Release|Any CPU
		{7B8B62C7-FCE5-43B7-B52B-12ED0BF2C4AB}.Release|Any CPU.Build.0 = Release|Any CPU
		{7B8B62C7-FCE5-43B7-B52B-12ED0BF2C4AB}.Release|Any CPU.Deploy.0 = Release|Any CPU
		{7B8B62C7-FCE5-43B7-B52B-12ED0BF2C4AB}.Release|iPhone.ActiveCfg = Release|Any CPU
		{7B8B62C7-FCE5-43B7-B52B-12ED0BF2C4AB}.Release|iPhone.Build.0 = Release|Any CPU
		{7B8B62C7-FCE5-43B7-B52B-12ED0BF2C4AB}.Release|iPhone.Deploy.0 = Release|Any CPU
		{7B8B62C7-FCE5-43B7-B52B-12ED0BF2C4AB}.Release|iPhoneSimulator.ActiveCfg = Release|Any CPU
		{7B8B62C7-FCE5-43B7-B52B-12ED0BF2C4AB}.Release|iPhoneSimulator.Build.0 = Release|Any CPU
		{7B8B62C7-FCE5-43B7-B52B-12ED0BF2C4AB}.Release|iPhoneSimulator.Deploy.0 = Release|Any CPU
		{5C9DA380-8A5A-49D3-9263-2199B1AD1798}.Debug|Any CPU.ActiveCfg = Debug|Any CPU
		{5C9DA380-8A5A-49D3-9263-2199B1AD1798}.Debug|Any CPU.Build.0 = Debug|Any CPU
		{5C9DA380-8A5A-49D3-9263-2199B1AD1798}.Debug|Any CPU.Deploy.0 = Debug|Any CPU
		{5C9DA380-8A5A-49D3-9263-2199B1AD1798}.Debug|iPhone.ActiveCfg = Debug|Any CPU
		{5C9DA380-8A5A-49D3-9263-2199B1AD1798}.Debug|iPhone.Build.0 = Debug|Any CPU
		{5C9DA380-8A5A-49D3-9263-2199B1AD1798}.Debug|iPhone.Deploy.0 = Debug|Any CPU
		{5C9DA380-8A5A-49D3-9263-2199B1AD1798}.Debug|iPhoneSimulator.ActiveCfg = Debug|Any CPU
		{5C9DA380-8A5A-49D3-9263-2199B1AD1798}.Debug|iPhoneSimulator.Build.0 = Debug|Any CPU
		{5C9DA380-8A5A-49D3-9263-2199B1AD1798}.Debug|iPhoneSimulator.Deploy.0 = Debug|Any CPU
		{5C9DA380-8A5A-49D3-9263-2199B1AD1798}.Release|Any CPU.ActiveCfg = Release|Any CPU
		{5C9DA380-8A5A-49D3-9263-2199B1AD1798}.Release|Any CPU.Build.0 = Release|Any CPU
		{5C9DA380-8A5A-49D3-9263-2199B1AD1798}.Release|Any CPU.Deploy.0 = Release|Any CPU
		{5C9DA380-8A5A-49D3-9263-2199B1AD1798}.Release|iPhone.ActiveCfg = Release|Any CPU
		{5C9DA380-8A5A-49D3-9263-2199B1AD1798}.Release|iPhone.Build.0 = Release|Any CPU
		{5C9DA380-8A5A-49D3-9263-2199B1AD1798}.Release|iPhone.Deploy.0 = Release|Any CPU
		{5C9DA380-8A5A-49D3-9263-2199B1AD1798}.Release|iPhoneSimulator.ActiveCfg = Release|Any CPU
		{5C9DA380-8A5A-49D3-9263-2199B1AD1798}.Release|iPhoneSimulator.Build.0 = Release|Any CPU
		{5C9DA380-8A5A-49D3-9263-2199B1AD1798}.Release|iPhoneSimulator.Deploy.0 = Release|Any CPU
		{9B0F2F02-AAB8-4CFA-8C9C-8C1023200ABE}.Debug|Any CPU.ActiveCfg = Debug|Any CPU
		{9B0F2F02-AAB8-4CFA-8C9C-8C1023200ABE}.Debug|Any CPU.Build.0 = Debug|Any CPU
		{9B0F2F02-AAB8-4CFA-8C9C-8C1023200ABE}.Debug|Any CPU.Deploy.0 = Debug|Any CPU
		{9B0F2F02-AAB8-4CFA-8C9C-8C1023200ABE}.Debug|iPhone.ActiveCfg = Debug|Any CPU
		{9B0F2F02-AAB8-4CFA-8C9C-8C1023200ABE}.Debug|iPhone.Build.0 = Debug|Any CPU
		{9B0F2F02-AAB8-4CFA-8C9C-8C1023200ABE}.Debug|iPhone.Deploy.0 = Debug|Any CPU
		{9B0F2F02-AAB8-4CFA-8C9C-8C1023200ABE}.Debug|iPhoneSimulator.ActiveCfg = Debug|Any CPU
		{9B0F2F02-AAB8-4CFA-8C9C-8C1023200ABE}.Debug|iPhoneSimulator.Build.0 = Debug|Any CPU
		{9B0F2F02-AAB8-4CFA-8C9C-8C1023200ABE}.Debug|iPhoneSimulator.Deploy.0 = Debug|Any CPU
		{9B0F2F02-AAB8-4CFA-8C9C-8C1023200ABE}.Release|Any CPU.ActiveCfg = Release|Any CPU
		{9B0F2F02-AAB8-4CFA-8C9C-8C1023200ABE}.Release|Any CPU.Build.0 = Release|Any CPU
		{9B0F2F02-AAB8-4CFA-8C9C-8C1023200ABE}.Release|Any CPU.Deploy.0 = Release|Any CPU
		{9B0F2F02-AAB8-4CFA-8C9C-8C1023200ABE}.Release|iPhone.ActiveCfg = Release|Any CPU
		{9B0F2F02-AAB8-4CFA-8C9C-8C1023200ABE}.Release|iPhone.Build.0 = Release|Any CPU
		{9B0F2F02-AAB8-4CFA-8C9C-8C1023200ABE}.Release|iPhone.Deploy.0 = Release|Any CPU
		{9B0F2F02-AAB8-4CFA-8C9C-8C1023200ABE}.Release|iPhoneSimulator.ActiveCfg = Release|Any CPU
		{9B0F2F02-AAB8-4CFA-8C9C-8C1023200ABE}.Release|iPhoneSimulator.Build.0 = Release|Any CPU
		{9B0F2F02-AAB8-4CFA-8C9C-8C1023200ABE}.Release|iPhoneSimulator.Deploy.0 = Release|Any CPU
	EndGlobalSection
	GlobalSection(SolutionProperties) = preSolution
		HideSolutionNode = FALSE
	EndGlobalSection
	GlobalSection(ExtensibilityGlobals) = postSolution
		SolutionGuid = {498787B6-84CB-4180-AA0A-5C8CA3E71C40}
	EndGlobalSection
EndGlobal
